
Microsoft Visual Studio Solution File, Format Version 12.00
# Visual Studio 15
VisualStudioVersion = 15.0.27703.2042
MinimumVisualStudioVersion = 10.0.40219.1
Project("{FAE04EC0-301F-11D3-BF4B-00C04F79EFBC}") = "LGSEApp.Android", "LGSEApp\LGSEApp.Android\LGSEApp.Android.csproj", "{EA27FC39-1A50-44C3-B9EA-5A4D3CDE03B8}"
EndProject
Project("{FAE04EC0-301F-11D3-BF4B-00C04F79EFBC}") = "LGSEApp.iOS", "LGSEApp\LGSEApp.iOS\LGSEApp.iOS.csproj", "{D24A7D88-9C1B-416F-A0BA-40BA352E6F8F}"
EndProject
Project("{FAE04EC0-301F-11D3-BF4B-00C04F79EFBC}") = "LGSEApp.UWP", "LGSEApp\LGSEApp.UWP\LGSEApp.UWP.csproj", "{B6B54E15-106D-41F7-9DC5-5BDB234975DB}"
EndProject
Project("{9A19103F-16F7-4668-BE54-9A1E7A4F7556}") = "LGSEApp", "LGSEApp\LGSEApp\LGSEApp.csproj", "{CF345B42-DBCD-426F-8F44-1438371BC1A4}"
EndProject
Project("{9A19103F-16F7-4668-BE54-9A1E7A4F7556}") = "LGSEApp.Services", "LGSEApp.Services\LGSEApp.Services.csproj", "{93092296-C861-4A73-ABAA-B5DF9423F278}"
EndProject
Global
	GlobalSection(SolutionConfigurationPlatforms) = preSolution
		Ad-Hoc|Any CPU = Ad-Hoc|Any CPU
		Ad-Hoc|ARM = Ad-Hoc|ARM
		Ad-Hoc|iPhone = Ad-Hoc|iPhone
		Ad-Hoc|iPhoneSimulator = Ad-Hoc|iPhoneSimulator
		Ad-Hoc|x64 = Ad-Hoc|x64
		Ad-Hoc|x86 = Ad-Hoc|x86
		AppStore|Any CPU = AppStore|Any CPU
		AppStore|ARM = AppStore|ARM
		AppStore|iPhone = AppStore|iPhone
		AppStore|iPhoneSimulator = AppStore|iPhoneSimulator
		AppStore|x64 = AppStore|x64
		AppStore|x86 = AppStore|x86
		Debug|Any CPU = Debug|Any CPU
		Debug|ARM = Debug|ARM
		Debug|iPhone = Debug|iPhone
		Debug|iPhoneSimulator = Debug|iPhoneSimulator
		Debug|x64 = Debug|x64
		Debug|x86 = Debug|x86
		Release|Any CPU = Release|Any CPU
		Release|ARM = Release|ARM
		Release|iPhone = Release|iPhone
		Release|iPhoneSimulator = Release|iPhoneSimulator
		Release|x64 = Release|x64
		Release|x86 = Release|x86
	EndGlobalSection
	GlobalSection(ProjectConfigurationPlatforms) = postSolution
		{EA27FC39-1A50-44C3-B9EA-5A4D3CDE03B8}.Ad-Hoc|Any CPU.ActiveCfg = Release|Any CPU
		{EA27FC39-1A50-44C3-B9EA-5A4D3CDE03B8}.Ad-Hoc|Any CPU.Build.0 = Release|Any CPU
		{EA27FC39-1A50-44C3-B9EA-5A4D3CDE03B8}.Ad-Hoc|Any CPU.Deploy.0 = Release|Any CPU
		{EA27FC39-1A50-44C3-B9EA-5A4D3CDE03B8}.Ad-Hoc|ARM.ActiveCfg = Release|Any CPU
		{EA27FC39-1A50-44C3-B9EA-5A4D3CDE03B8}.Ad-Hoc|ARM.Build.0 = Release|Any CPU
		{EA27FC39-1A50-44C3-B9EA-5A4D3CDE03B8}.Ad-Hoc|ARM.Deploy.0 = Release|Any CPU
		{EA27FC39-1A50-44C3-B9EA-5A4D3CDE03B8}.Ad-Hoc|iPhone.ActiveCfg = Release|Any CPU
		{EA27FC39-1A50-44C3-B9EA-5A4D3CDE03B8}.Ad-Hoc|iPhone.Build.0 = Release|Any CPU
		{EA27FC39-1A50-44C3-B9EA-5A4D3CDE03B8}.Ad-Hoc|iPhone.Deploy.0 = Release|Any CPU
		{EA27FC39-1A50-44C3-B9EA-5A4D3CDE03B8}.Ad-Hoc|iPhoneSimulator.ActiveCfg = Release|Any CPU
		{EA27FC39-1A50-44C3-B9EA-5A4D3CDE03B8}.Ad-Hoc|iPhoneSimulator.Build.0 = Release|Any CPU
		{EA27FC39-1A50-44C3-B9EA-5A4D3CDE03B8}.Ad-Hoc|iPhoneSimulator.Deploy.0 = Release|Any CPU
		{EA27FC39-1A50-44C3-B9EA-5A4D3CDE03B8}.Ad-Hoc|x64.ActiveCfg = Release|Any CPU
		{EA27FC39-1A50-44C3-B9EA-5A4D3CDE03B8}.Ad-Hoc|x64.Build.0 = Release|Any CPU
		{EA27FC39-1A50-44C3-B9EA-5A4D3CDE03B8}.Ad-Hoc|x64.Deploy.0 = Release|Any CPU
		{EA27FC39-1A50-44C3-B9EA-5A4D3CDE03B8}.Ad-Hoc|x86.ActiveCfg = Release|Any CPU
		{EA27FC39-1A50-44C3-B9EA-5A4D3CDE03B8}.Ad-Hoc|x86.Build.0 = Release|Any CPU
		{EA27FC39-1A50-44C3-B9EA-5A4D3CDE03B8}.Ad-Hoc|x86.Deploy.0 = Release|Any CPU
		{EA27FC39-1A50-44C3-B9EA-5A4D3CDE03B8}.AppStore|Any CPU.ActiveCfg = Release|Any CPU
		{EA27FC39-1A50-44C3-B9EA-5A4D3CDE03B8}.AppStore|Any CPU.Build.0 = Release|Any CPU
		{EA27FC39-1A50-44C3-B9EA-5A4D3CDE03B8}.AppStore|Any CPU.Deploy.0 = Release|Any CPU
		{EA27FC39-1A50-44C3-B9EA-5A4D3CDE03B8}.AppStore|ARM.ActiveCfg = Release|Any CPU
		{EA27FC39-1A50-44C3-B9EA-5A4D3CDE03B8}.AppStore|ARM.Build.0 = Release|Any CPU
		{EA27FC39-1A50-44C3-B9EA-5A4D3CDE03B8}.AppStore|ARM.Deploy.0 = Release|Any CPU
		{EA27FC39-1A50-44C3-B9EA-5A4D3CDE03B8}.AppStore|iPhone.ActiveCfg = Release|Any CPU
		{EA27FC39-1A50-44C3-B9EA-5A4D3CDE03B8}.AppStore|iPhone.Build.0 = Release|Any CPU
		{EA27FC39-1A50-44C3-B9EA-5A4D3CDE03B8}.AppStore|iPhone.Deploy.0 = Release|Any CPU
		{EA27FC39-1A50-44C3-B9EA-5A4D3CDE03B8}.AppStore|iPhoneSimulator.ActiveCfg = Release|Any CPU
		{EA27FC39-1A50-44C3-B9EA-5A4D3CDE03B8}.AppStore|iPhoneSimulator.Build.0 = Release|Any CPU
		{EA27FC39-1A50-44C3-B9EA-5A4D3CDE03B8}.AppStore|iPhoneSimulator.Deploy.0 = Release|Any CPU
		{EA27FC39-1A50-44C3-B9EA-5A4D3CDE03B8}.AppStore|x64.ActiveCfg = Release|Any CPU
		{EA27FC39-1A50-44C3-B9EA-5A4D3CDE03B8}.AppStore|x64.Build.0 = Release|Any CPU
		{EA27FC39-1A50-44C3-B9EA-5A4D3CDE03B8}.AppStore|x64.Deploy.0 = Release|Any CPU
		{EA27FC39-1A50-44C3-B9EA-5A4D3CDE03B8}.AppStore|x86.ActiveCfg = Release|Any CPU
		{EA27FC39-1A50-44C3-B9EA-5A4D3CDE03B8}.AppStore|x86.Build.0 = Release|Any CPU
		{EA27FC39-1A50-44C3-B9EA-5A4D3CDE03B8}.AppStore|x86.Deploy.0 = Release|Any CPU
		{EA27FC39-1A50-44C3-B9EA-5A4D3CDE03B8}.Debug|Any CPU.ActiveCfg = Debug|Any CPU
		{EA27FC39-1A50-44C3-B9EA-5A4D3CDE03B8}.Debug|Any CPU.Build.0 = Debug|Any CPU
		{EA27FC39-1A50-44C3-B9EA-5A4D3CDE03B8}.Debug|Any CPU.Deploy.0 = Debug|Any CPU
		{EA27FC39-1A50-44C3-B9EA-5A4D3CDE03B8}.Debug|ARM.ActiveCfg = Debug|Any CPU
		{EA27FC39-1A50-44C3-B9EA-5A4D3CDE03B8}.Debug|ARM.Build.0 = Debug|Any CPU
		{EA27FC39-1A50-44C3-B9EA-5A4D3CDE03B8}.Debug|ARM.Deploy.0 = Debug|Any CPU
		{EA27FC39-1A50-44C3-B9EA-5A4D3CDE03B8}.Debug|iPhone.ActiveCfg = Debug|Any CPU
		{EA27FC39-1A50-44C3-B9EA-5A4D3CDE03B8}.Debug|iPhone.Build.0 = Debug|Any CPU
		{EA27FC39-1A50-44C3-B9EA-5A4D3CDE03B8}.Debug|iPhone.Deploy.0 = Debug|Any CPU
		{EA27FC39-1A50-44C3-B9EA-5A4D3CDE03B8}.Debug|iPhoneSimulator.ActiveCfg = Debug|Any CPU
		{EA27FC39-1A50-44C3-B9EA-5A4D3CDE03B8}.Debug|iPhoneSimulator.Build.0 = Debug|Any CPU
		{EA27FC39-1A50-44C3-B9EA-5A4D3CDE03B8}.Debug|iPhoneSimulator.Deploy.0 = Debug|Any CPU
		{EA27FC39-1A50-44C3-B9EA-5A4D3CDE03B8}.Debug|x64.ActiveCfg = Debug|Any CPU
		{EA27FC39-1A50-44C3-B9EA-5A4D3CDE03B8}.Debug|x64.Build.0 = Debug|Any CPU
		{EA27FC39-1A50-44C3-B9EA-5A4D3CDE03B8}.Debug|x64.Deploy.0 = Debug|Any CPU
		{EA27FC39-1A50-44C3-B9EA-5A4D3CDE03B8}.Debug|x86.ActiveCfg = Debug|Any CPU
		{EA27FC39-1A50-44C3-B9EA-5A4D3CDE03B8}.Debug|x86.Build.0 = Debug|Any CPU
		{EA27FC39-1A50-44C3-B9EA-5A4D3CDE03B8}.Debug|x86.Deploy.0 = Debug|Any CPU
		{EA27FC39-1A50-44C3-B9EA-5A4D3CDE03B8}.Release|Any CPU.ActiveCfg = Release|Any CPU
		{EA27FC39-1A50-44C3-B9EA-5A4D3CDE03B8}.Release|Any CPU.Build.0 = Release|Any CPU
		{EA27FC39-1A50-44C3-B9EA-5A4D3CDE03B8}.Release|Any CPU.Deploy.0 = Release|Any CPU
		{EA27FC39-1A50-44C3-B9EA-5A4D3CDE03B8}.Release|ARM.ActiveCfg = Release|Any CPU
		{EA27FC39-1A50-44C3-B9EA-5A4D3CDE03B8}.Release|ARM.Build.0 = Release|Any CPU
		{EA27FC39-1A50-44C3-B9EA-5A4D3CDE03B8}.Release|ARM.Deploy.0 = Release|Any CPU
		{EA27FC39-1A50-44C3-B9EA-5A4D3CDE03B8}.Release|iPhone.ActiveCfg = Release|Any CPU
		{EA27FC39-1A50-44C3-B9EA-5A4D3CDE03B8}.Release|iPhone.Build.0 = Release|Any CPU
		{EA27FC39-1A50-44C3-B9EA-5A4D3CDE03B8}.Release|iPhone.Deploy.0 = Release|Any CPU
		{EA27FC39-1A50-44C3-B9EA-5A4D3CDE03B8}.Release|iPhoneSimulator.ActiveCfg = Release|Any CPU
		{EA27FC39-1A50-44C3-B9EA-5A4D3CDE03B8}.Release|iPhoneSimulator.Build.0 = Release|Any CPU
		{EA27FC39-1A50-44C3-B9EA-5A4D3CDE03B8}.Release|iPhoneSimulator.Deploy.0 = Release|Any CPU
		{EA27FC39-1A50-44C3-B9EA-5A4D3CDE03B8}.Release|x64.ActiveCfg = Release|Any CPU
		{EA27FC39-1A50-44C3-B9EA-5A4D3CDE03B8}.Release|x64.Build.0 = Release|Any CPU
		{EA27FC39-1A50-44C3-B9EA-5A4D3CDE03B8}.Release|x64.Deploy.0 = Release|Any CPU
		{EA27FC39-1A50-44C3-B9EA-5A4D3CDE03B8}.Release|x86.ActiveCfg = Release|Any CPU
		{EA27FC39-1A50-44C3-B9EA-5A4D3CDE03B8}.Release|x86.Build.0 = Release|Any CPU
		{EA27FC39-1A50-44C3-B9EA-5A4D3CDE03B8}.Release|x86.Deploy.0 = Release|Any CPU
		{D24A7D88-9C1B-416F-A0BA-40BA352E6F8F}.Ad-Hoc|Any CPU.ActiveCfg = Ad-Hoc|iPhone
		{D24A7D88-9C1B-416F-A0BA-40BA352E6F8F}.Ad-Hoc|Any CPU.Build.0 = Ad-Hoc|iPhone
		{D24A7D88-9C1B-416F-A0BA-40BA352E6F8F}.Ad-Hoc|Any CPU.Deploy.0 = Ad-Hoc|iPhone
		{D24A7D88-9C1B-416F-A0BA-40BA352E6F8F}.Ad-Hoc|ARM.ActiveCfg = Ad-Hoc|iPhone
		{D24A7D88-9C1B-416F-A0BA-40BA352E6F8F}.Ad-Hoc|ARM.Build.0 = Ad-Hoc|iPhone
		{D24A7D88-9C1B-416F-A0BA-40BA352E6F8F}.Ad-Hoc|ARM.Deploy.0 = Ad-Hoc|iPhone
		{D24A7D88-9C1B-416F-A0BA-40BA352E6F8F}.Ad-Hoc|iPhone.ActiveCfg = Ad-Hoc|iPhone
		{D24A7D88-9C1B-416F-A0BA-40BA352E6F8F}.Ad-Hoc|iPhone.Build.0 = Ad-Hoc|iPhone
		{D24A7D88-9C1B-416F-A0BA-40BA352E6F8F}.Ad-Hoc|iPhone.Deploy.0 = Ad-Hoc|iPhone
		{D24A7D88-9C1B-416F-A0BA-40BA352E6F8F}.Ad-Hoc|iPhoneSimulator.ActiveCfg = Ad-Hoc|iPhoneSimulator
		{D24A7D88-9C1B-416F-A0BA-40BA352E6F8F}.Ad-Hoc|iPhoneSimulator.Build.0 = Ad-Hoc|iPhoneSimulator
		{D24A7D88-9C1B-416F-A0BA-40BA352E6F8F}.Ad-Hoc|iPhoneSimulator.Deploy.0 = Ad-Hoc|iPhoneSimulator
		{D24A7D88-9C1B-416F-A0BA-40BA352E6F8F}.Ad-Hoc|x64.ActiveCfg = Ad-Hoc|iPhone
		{D24A7D88-9C1B-416F-A0BA-40BA352E6F8F}.Ad-Hoc|x64.Build.0 = Ad-Hoc|iPhone
		{D24A7D88-9C1B-416F-A0BA-40BA352E6F8F}.Ad-Hoc|x64.Deploy.0 = Ad-Hoc|iPhone
		{D24A7D88-9C1B-416F-A0BA-40BA352E6F8F}.Ad-Hoc|x86.ActiveCfg = Ad-Hoc|iPhone
		{D24A7D88-9C1B-416F-A0BA-40BA352E6F8F}.Ad-Hoc|x86.Build.0 = Ad-Hoc|iPhone
		{D24A7D88-9C1B-416F-A0BA-40BA352E6F8F}.Ad-Hoc|x86.Deploy.0 = Ad-Hoc|iPhone
		{D24A7D88-9C1B-416F-A0BA-40BA352E6F8F}.AppStore|Any CPU.ActiveCfg = AppStore|iPhone
		{D24A7D88-9C1B-416F-A0BA-40BA352E6F8F}.AppStore|Any CPU.Build.0 = AppStore|iPhone
		{D24A7D88-9C1B-416F-A0BA-40BA352E6F8F}.AppStore|Any CPU.Deploy.0 = AppStore|iPhone
		{D24A7D88-9C1B-416F-A0BA-40BA352E6F8F}.AppStore|ARM.ActiveCfg = AppStore|iPhone
		{D24A7D88-9C1B-416F-A0BA-40BA352E6F8F}.AppStore|ARM.Build.0 = AppStore|iPhone
		{D24A7D88-9C1B-416F-A0BA-40BA352E6F8F}.AppStore|ARM.Deploy.0 = AppStore|iPhone
		{D24A7D88-9C1B-416F-A0BA-40BA352E6F8F}.AppStore|iPhone.ActiveCfg = AppStore|iPhone
		{D24A7D88-9C1B-416F-A0BA-40BA352E6F8F}.AppStore|iPhone.Build.0 = AppStore|iPhone
		{D24A7D88-9C1B-416F-A0BA-40BA352E6F8F}.AppStore|iPhone.Deploy.0 = AppStore|iPhone
		{D24A7D88-9C1B-416F-A0BA-40BA352E6F8F}.AppStore|iPhoneSimulator.ActiveCfg = AppStore|iPhoneSimulator
		{D24A7D88-9C1B-416F-A0BA-40BA352E6F8F}.AppStore|iPhoneSimulator.Build.0 = AppStore|iPhoneSimulator
		{D24A7D88-9C1B-416F-A0BA-40BA352E6F8F}.AppStore|iPhoneSimulator.Deploy.0 = AppStore|iPhoneSimulator
		{D24A7D88-9C1B-416F-A0BA-40BA352E6F8F}.AppStore|x64.ActiveCfg = AppStore|iPhone
		{D24A7D88-9C1B-416F-A0BA-40BA352E6F8F}.AppStore|x64.Build.0 = AppStore|iPhone
		{D24A7D88-9C1B-416F-A0BA-40BA352E6F8F}.AppStore|x64.Deploy.0 = AppStore|iPhone
		{D24A7D88-9C1B-416F-A0BA-40BA352E6F8F}.AppStore|x86.ActiveCfg = AppStore|iPhone
		{D24A7D88-9C1B-416F-A0BA-40BA352E6F8F}.AppStore|x86.Build.0 = AppStore|iPhone
		{D24A7D88-9C1B-416F-A0BA-40BA352E6F8F}.AppStore|x86.Deploy.0 = AppStore|iPhone
		{D24A7D88-9C1B-416F-A0BA-40BA352E6F8F}.Debug|Any CPU.ActiveCfg = Debug|iPhoneSimulator
		{D24A7D88-9C1B-416F-A0BA-40BA352E6F8F}.Debug|Any CPU.Build.0 = Debug|iPhoneSimulator
		{D24A7D88-9C1B-416F-A0BA-40BA352E6F8F}.Debug|Any CPU.Deploy.0 = Debug|iPhoneSimulator
		{D24A7D88-9C1B-416F-A0BA-40BA352E6F8F}.Debug|ARM.ActiveCfg = Debug|iPhone
		{D24A7D88-9C1B-416F-A0BA-40BA352E6F8F}.Debug|ARM.Build.0 = Debug|iPhone
		{D24A7D88-9C1B-416F-A0BA-40BA352E6F8F}.Debug|ARM.Deploy.0 = Debug|iPhone
		{D24A7D88-9C1B-416F-A0BA-40BA352E6F8F}.Debug|iPhone.ActiveCfg = Debug|iPhone
		{D24A7D88-9C1B-416F-A0BA-40BA352E6F8F}.Debug|iPhone.Build.0 = Debug|iPhone
		{D24A7D88-9C1B-416F-A0BA-40BA352E6F8F}.Debug|iPhone.Deploy.0 = Debug|iPhone
		{D24A7D88-9C1B-416F-A0BA-40BA352E6F8F}.Debug|iPhoneSimulator.ActiveCfg = Debug|iPhoneSimulator
		{D24A7D88-9C1B-416F-A0BA-40BA352E6F8F}.Debug|iPhoneSimulator.Build.0 = Debug|iPhoneSimulator
		{D24A7D88-9C1B-416F-A0BA-40BA352E6F8F}.Debug|iPhoneSimulator.Deploy.0 = Debug|iPhoneSimulator
		{D24A7D88-9C1B-416F-A0BA-40BA352E6F8F}.Debug|x64.ActiveCfg = Debug|iPhone
		{D24A7D88-9C1B-416F-A0BA-40BA352E6F8F}.Debug|x64.Build.0 = Debug|iPhone
		{D24A7D88-9C1B-416F-A0BA-40BA352E6F8F}.Debug|x64.Deploy.0 = Debug|iPhone
		{D24A7D88-9C1B-416F-A0BA-40BA352E6F8F}.Debug|x86.ActiveCfg = Debug|iPhone
		{D24A7D88-9C1B-416F-A0BA-40BA352E6F8F}.Debug|x86.Build.0 = Debug|iPhone
		{D24A7D88-9C1B-416F-A0BA-40BA352E6F8F}.Debug|x86.Deploy.0 = Debug|iPhone
		{D24A7D88-9C1B-416F-A0BA-40BA352E6F8F}.Release|Any CPU.ActiveCfg = Release|iPhone
		{D24A7D88-9C1B-416F-A0BA-40BA352E6F8F}.Release|Any CPU.Build.0 = Release|iPhone
		{D24A7D88-9C1B-416F-A0BA-40BA352E6F8F}.Release|Any CPU.Deploy.0 = Release|iPhone
		{D24A7D88-9C1B-416F-A0BA-40BA352E6F8F}.Release|ARM.ActiveCfg = Release|iPhone
		{D24A7D88-9C1B-416F-A0BA-40BA352E6F8F}.Release|ARM.Build.0 = Release|iPhone
		{D24A7D88-9C1B-416F-A0BA-40BA352E6F8F}.Release|ARM.Deploy.0 = Release|iPhone
		{D24A7D88-9C1B-416F-A0BA-40BA352E6F8F}.Release|iPhone.ActiveCfg = Release|iPhone
		{D24A7D88-9C1B-416F-A0BA-40BA352E6F8F}.Release|iPhone.Build.0 = Release|iPhone
		{D24A7D88-9C1B-416F-A0BA-40BA352E6F8F}.Release|iPhone.Deploy.0 = Release|iPhone
		{D24A7D88-9C1B-416F-A0BA-40BA352E6F8F}.Release|iPhoneSimulator.ActiveCfg = Release|iPhoneSimulator
		{D24A7D88-9C1B-416F-A0BA-40BA352E6F8F}.Release|iPhoneSimulator.Build.0 = Release|iPhoneSimulator
		{D24A7D88-9C1B-416F-A0BA-40BA352E6F8F}.Release|iPhoneSimulator.Deploy.0 = Release|iPhoneSimulator
		{D24A7D88-9C1B-416F-A0BA-40BA352E6F8F}.Release|x64.ActiveCfg = Release|iPhone
		{D24A7D88-9C1B-416F-A0BA-40BA352E6F8F}.Release|x64.Build.0 = Release|iPhone
		{D24A7D88-9C1B-416F-A0BA-40BA352E6F8F}.Release|x64.Deploy.0 = Release|iPhone
		{D24A7D88-9C1B-416F-A0BA-40BA352E6F8F}.Release|x86.ActiveCfg = Release|iPhone
		{D24A7D88-9C1B-416F-A0BA-40BA352E6F8F}.Release|x86.Build.0 = Release|iPhone
		{D24A7D88-9C1B-416F-A0BA-40BA352E6F8F}.Release|x86.Deploy.0 = Release|iPhone
		{B6B54E15-106D-41F7-9DC5-5BDB234975DB}.Ad-Hoc|Any CPU.ActiveCfg = Release|x86
		{B6B54E15-106D-41F7-9DC5-5BDB234975DB}.Ad-Hoc|Any CPU.Build.0 = Release|x86
		{B6B54E15-106D-41F7-9DC5-5BDB234975DB}.Ad-Hoc|Any CPU.Deploy.0 = Release|x86
		{B6B54E15-106D-41F7-9DC5-5BDB234975DB}.Ad-Hoc|ARM.ActiveCfg = Release|ARM
		{B6B54E15-106D-41F7-9DC5-5BDB234975DB}.Ad-Hoc|ARM.Build.0 = Release|ARM
		{B6B54E15-106D-41F7-9DC5-5BDB234975DB}.Ad-Hoc|ARM.Deploy.0 = Release|ARM
		{B6B54E15-106D-41F7-9DC5-5BDB234975DB}.Ad-Hoc|iPhone.ActiveCfg = Release|x86
		{B6B54E15-106D-41F7-9DC5-5BDB234975DB}.Ad-Hoc|iPhone.Build.0 = Release|x86
		{B6B54E15-106D-41F7-9DC5-5BDB234975DB}.Ad-Hoc|iPhone.Deploy.0 = Release|x86
		{B6B54E15-106D-41F7-9DC5-5BDB234975DB}.Ad-Hoc|iPhoneSimulator.ActiveCfg = Release|x86
		{B6B54E15-106D-41F7-9DC5-5BDB234975DB}.Ad-Hoc|iPhoneSimulator.Build.0 = Release|x86
		{B6B54E15-106D-41F7-9DC5-5BDB234975DB}.Ad-Hoc|iPhoneSimulator.Deploy.0 = Release|x86
		{B6B54E15-106D-41F7-9DC5-5BDB234975DB}.Ad-Hoc|x64.ActiveCfg = Release|x64
		{B6B54E15-106D-41F7-9DC5-5BDB234975DB}.Ad-Hoc|x64.Build.0 = Release|x64
		{B6B54E15-106D-41F7-9DC5-5BDB234975DB}.Ad-Hoc|x64.Deploy.0 = Release|x64
		{B6B54E15-106D-41F7-9DC5-5BDB234975DB}.Ad-Hoc|x86.ActiveCfg = Release|x86
		{B6B54E15-106D-41F7-9DC5-5BDB234975DB}.Ad-Hoc|x86.Build.0 = Release|x86
		{B6B54E15-106D-41F7-9DC5-5BDB234975DB}.Ad-Hoc|x86.Deploy.0 = Release|x86
		{B6B54E15-106D-41F7-9DC5-5BDB234975DB}.AppStore|Any CPU.ActiveCfg = Release|x86
		{B6B54E15-106D-41F7-9DC5-5BDB234975DB}.AppStore|Any CPU.Build.0 = Release|x86
		{B6B54E15-106D-41F7-9DC5-5BDB234975DB}.AppStore|Any CPU.Deploy.0 = Release|x86
		{B6B54E15-106D-41F7-9DC5-5BDB234975DB}.AppStore|ARM.ActiveCfg = Release|ARM
		{B6B54E15-106D-41F7-9DC5-5BDB234975DB}.AppStore|ARM.Build.0 = Release|ARM
		{B6B54E15-106D-41F7-9DC5-5BDB234975DB}.AppStore|ARM.Deploy.0 = Release|ARM
		{B6B54E15-106D-41F7-9DC5-5BDB234975DB}.AppStore|iPhone.ActiveCfg = Release|x86
		{B6B54E15-106D-41F7-9DC5-5BDB234975DB}.AppStore|iPhone.Build.0 = Release|x86
		{B6B54E15-106D-41F7-9DC5-5BDB234975DB}.AppStore|iPhone.Deploy.0 = Release|x86
		{B6B54E15-106D-41F7-9DC5-5BDB234975DB}.AppStore|iPhoneSimulator.ActiveCfg = Release|x86
		{B6B54E15-106D-41F7-9DC5-5BDB234975DB}.AppStore|iPhoneSimulator.Build.0 = Release|x86
		{B6B54E15-106D-41F7-9DC5-5BDB234975DB}.AppStore|iPhoneSimulator.Deploy.0 = Release|x86
		{B6B54E15-106D-41F7-9DC5-5BDB234975DB}.AppStore|x64.ActiveCfg = Release|x64
		{B6B54E15-106D-41F7-9DC5-5BDB234975DB}.AppStore|x64.Build.0 = Release|x64
		{B6B54E15-106D-41F7-9DC5-5BDB234975DB}.AppStore|x64.Deploy.0 = Release|x64
		{B6B54E15-106D-41F7-9DC5-5BDB234975DB}.AppStore|x86.ActiveCfg = Release|x86
		{B6B54E15-106D-41F7-9DC5-5BDB234975DB}.AppStore|x86.Build.0 = Release|x86
		{B6B54E15-106D-41F7-9DC5-5BDB234975DB}.AppStore|x86.Deploy.0 = Release|x86
		{B6B54E15-106D-41F7-9DC5-5BDB234975DB}.Debug|Any CPU.ActiveCfg = Debug|x86
		{B6B54E15-106D-41F7-9DC5-5BDB234975DB}.Debug|Any CPU.Build.0 = Debug|x86
		{B6B54E15-106D-41F7-9DC5-5BDB234975DB}.Debug|Any CPU.Deploy.0 = Debug|x86
		{B6B54E15-106D-41F7-9DC5-5BDB234975DB}.Debug|ARM.ActiveCfg = Debug|ARM
		{B6B54E15-106D-41F7-9DC5-5BDB234975DB}.Debug|ARM.Build.0 = Debug|ARM
		{B6B54E15-106D-41F7-9DC5-5BDB234975DB}.Debug|ARM.Deploy.0 = Debug|ARM
		{B6B54E15-106D-41F7-9DC5-5BDB234975DB}.Debug|iPhone.ActiveCfg = Debug|x86
		{B6B54E15-106D-41F7-9DC5-5BDB234975DB}.Debug|iPhone.Build.0 = Debug|x86
		{B6B54E15-106D-41F7-9DC5-5BDB234975DB}.Debug|iPhone.Deploy.0 = Debug|x86
		{B6B54E15-106D-41F7-9DC5-5BDB234975DB}.Debug|iPhoneSimulator.ActiveCfg = Debug|x86
		{B6B54E15-106D-41F7-9DC5-5BDB234975DB}.Debug|iPhoneSimulator.Build.0 = Debug|x86
		{B6B54E15-106D-41F7-9DC5-5BDB234975DB}.Debug|iPhoneSimulator.Deploy.0 = Debug|x86
		{B6B54E15-106D-41F7-9DC5-5BDB234975DB}.Debug|x64.ActiveCfg = Debug|x64
		{B6B54E15-106D-41F7-9DC5-5BDB234975DB}.Debug|x64.Build.0 = Debug|x64
		{B6B54E15-106D-41F7-9DC5-5BDB234975DB}.Debug|x64.Deploy.0 = Debug|x64
		{B6B54E15-106D-41F7-9DC5-5BDB234975DB}.Debug|x86.ActiveCfg = Debug|x86
		{B6B54E15-106D-41F7-9DC5-5BDB234975DB}.Debug|x86.Build.0 = Debug|x86
		{B6B54E15-106D-41F7-9DC5-5BDB234975DB}.Debug|x86.Deploy.0 = Debug|x86
		{B6B54E15-106D-41F7-9DC5-5BDB234975DB}.Release|Any CPU.ActiveCfg = Release|x86
		{B6B54E15-106D-41F7-9DC5-5BDB234975DB}.Release|Any CPU.Build.0 = Release|x86
		{B6B54E15-106D-41F7-9DC5-5BDB234975DB}.Release|Any CPU.Deploy.0 = Release|x86
		{B6B54E15-106D-41F7-9DC5-5BDB234975DB}.Release|ARM.ActiveCfg = Release|ARM
		{B6B54E15-106D-41F7-9DC5-5BDB234975DB}.Release|ARM.Build.0 = Release|ARM
		{B6B54E15-106D-41F7-9DC5-5BDB234975DB}.Release|ARM.Deploy.0 = Release|ARM
		{B6B54E15-106D-41F7-9DC5-5BDB234975DB}.Release|iPhone.ActiveCfg = Release|x86
		{B6B54E15-106D-41F7-9DC5-5BDB234975DB}.Release|iPhone.Build.0 = Release|x86
		{B6B54E15-106D-41F7-9DC5-5BDB234975DB}.Release|iPhone.Deploy.0 = Release|x86
		{B6B54E15-106D-41F7-9DC5-5BDB234975DB}.Release|iPhoneSimulator.ActiveCfg = Release|x86
		{B6B54E15-106D-41F7-9DC5-5BDB234975DB}.Release|iPhoneSimulator.Build.0 = Release|x86
		{B6B54E15-106D-41F7-9DC5-5BDB234975DB}.Release|iPhoneSimulator.Deploy.0 = Release|x86
		{B6B54E15-106D-41F7-9DC5-5BDB234975DB}.Release|x64.ActiveCfg = Release|x64
		{B6B54E15-106D-41F7-9DC5-5BDB234975DB}.Release|x64.Build.0 = Release|x64
		{B6B54E15-106D-41F7-9DC5-5BDB234975DB}.Release|x64.Deploy.0 = Release|x64
		{B6B54E15-106D-41F7-9DC5-5BDB234975DB}.Release|x86.ActiveCfg = Release|x86
		{B6B54E15-106D-41F7-9DC5-5BDB234975DB}.Release|x86.Build.0 = Release|x86
		{B6B54E15-106D-41F7-9DC5-5BDB234975DB}.Release|x86.Deploy.0 = Release|x86
		{CF345B42-DBCD-426F-8F44-1438371BC1A4}.Ad-Hoc|Any CPU.ActiveCfg = Debug|Any CPU
		{CF345B42-DBCD-426F-8F44-1438371BC1A4}.Ad-Hoc|Any CPU.Build.0 = Debug|Any CPU
		{CF345B42-DBCD-426F-8F44-1438371BC1A4}.Ad-Hoc|Any CPU.Deploy.0 = Debug|Any CPU
		{CF345B42-DBCD-426F-8F44-1438371BC1A4}.Ad-Hoc|ARM.ActiveCfg = Debug|Any CPU
		{CF345B42-DBCD-426F-8F44-1438371BC1A4}.Ad-Hoc|ARM.Build.0 = Debug|Any CPU
		{CF345B42-DBCD-426F-8F44-1438371BC1A4}.Ad-Hoc|ARM.Deploy.0 = Debug|Any CPU
		{CF345B42-DBCD-426F-8F44-1438371BC1A4}.Ad-Hoc|iPhone.ActiveCfg = Debug|Any CPU
		{CF345B42-DBCD-426F-8F44-1438371BC1A4}.Ad-Hoc|iPhone.Build.0 = Debug|Any CPU
		{CF345B42-DBCD-426F-8F44-1438371BC1A4}.Ad-Hoc|iPhone.Deploy.0 = Debug|Any CPU
		{CF345B42-DBCD-426F-8F44-1438371BC1A4}.Ad-Hoc|iPhoneSimulator.ActiveCfg = Debug|Any CPU
		{CF345B42-DBCD-426F-8F44-1438371BC1A4}.Ad-Hoc|iPhoneSimulator.Build.0 = Debug|Any CPU
		{CF345B42-DBCD-426F-8F44-1438371BC1A4}.Ad-Hoc|iPhoneSimulator.Deploy.0 = Debug|Any CPU
		{CF345B42-DBCD-426F-8F44-1438371BC1A4}.Ad-Hoc|x64.ActiveCfg = Debug|Any CPU
		{CF345B42-DBCD-426F-8F44-1438371BC1A4}.Ad-Hoc|x64.Build.0 = Debug|Any CPU
		{CF345B42-DBCD-426F-8F44-1438371BC1A4}.Ad-Hoc|x64.Deploy.0 = Debug|Any CPU
		{CF345B42-DBCD-426F-8F44-1438371BC1A4}.Ad-Hoc|x86.ActiveCfg = Debug|Any CPU
		{CF345B42-DBCD-426F-8F44-1438371BC1A4}.Ad-Hoc|x86.Build.0 = Debug|Any CPU
		{CF345B42-DBCD-426F-8F44-1438371BC1A4}.Ad-Hoc|x86.Deploy.0 = Debug|Any CPU
		{CF345B42-DBCD-426F-8F44-1438371BC1A4}.AppStore|Any CPU.ActiveCfg = Debug|Any CPU
		{CF345B42-DBCD-426F-8F44-1438371BC1A4}.AppStore|Any CPU.Build.0 = Debug|Any CPU
		{CF345B42-DBCD-426F-8F44-1438371BC1A4}.AppStore|Any CPU.Deploy.0 = Debug|Any CPU
		{CF345B42-DBCD-426F-8F44-1438371BC1A4}.AppStore|ARM.ActiveCfg = Debug|Any CPU
		{CF345B42-DBCD-426F-8F44-1438371BC1A4}.AppStore|ARM.Build.0 = Debug|Any CPU
		{CF345B42-DBCD-426F-8F44-1438371BC1A4}.AppStore|ARM.Deploy.0 = Debug|Any CPU
		{CF345B42-DBCD-426F-8F44-1438371BC1A4}.AppStore|iPhone.ActiveCfg = Debug|Any CPU
		{CF345B42-DBCD-426F-8F44-1438371BC1A4}.AppStore|iPhone.Build.0 = Debug|Any CPU
		{CF345B42-DBCD-426F-8F44-1438371BC1A4}.AppStore|iPhone.Deploy.0 = Debug|Any CPU
		{CF345B42-DBCD-426F-8F44-1438371BC1A4}.AppStore|iPhoneSimulator.ActiveCfg = Debug|Any CPU
		{CF345B42-DBCD-426F-8F44-1438371BC1A4}.AppStore|iPhoneSimulator.Build.0 = Debug|Any CPU
		{CF345B42-DBCD-426F-8F44-1438371BC1A4}.AppStore|iPhoneSimulator.Deploy.0 = Debug|Any CPU
		{CF345B42-DBCD-426F-8F44-1438371BC1A4}.AppStore|x64.ActiveCfg = Debug|Any CPU
		{CF345B42-DBCD-426F-8F44-1438371BC1A4}.AppStore|x64.Build.0 = Debug|Any CPU
		{CF345B42-DBCD-426F-8F44-1438371BC1A4}.AppStore|x64.Deploy.0 = Debug|Any CPU
		{CF345B42-DBCD-426F-8F44-1438371BC1A4}.AppStore|x86.ActiveCfg = Debug|Any CPU
		{CF345B42-DBCD-426F-8F44-1438371BC1A4}.AppStore|x86.Build.0 = Debug|Any CPU
		{CF345B42-DBCD-426F-8F44-1438371BC1A4}.AppStore|x86.Deploy.0 = Debug|Any CPU
		{CF345B42-DBCD-426F-8F44-1438371BC1A4}.Debug|Any CPU.ActiveCfg = Debug|Any CPU
		{CF345B42-DBCD-426F-8F44-1438371BC1A4}.Debug|Any CPU.Build.0 = Debug|Any CPU
		{CF345B42-DBCD-426F-8F44-1438371BC1A4}.Debug|Any CPU.Deploy.0 = Debug|Any CPU
		{CF345B42-DBCD-426F-8F44-1438371BC1A4}.Debug|ARM.ActiveCfg = Debug|Any CPU
		{CF345B42-DBCD-426F-8F44-1438371BC1A4}.Debug|ARM.Build.0 = Debug|Any CPU
		{CF345B42-DBCD-426F-8F44-1438371BC1A4}.Debug|ARM.Deploy.0 = Debug|Any CPU
		{CF345B42-DBCD-426F-8F44-1438371BC1A4}.Debug|iPhone.ActiveCfg = Debug|Any CPU
		{CF345B42-DBCD-426F-8F44-1438371BC1A4}.Debug|iPhone.Build.0 = Debug|Any CPU
		{CF345B42-DBCD-426F-8F44-1438371BC1A4}.Debug|iPhone.Deploy.0 = Debug|Any CPU
		{CF345B42-DBCD-426F-8F44-1438371BC1A4}.Debug|iPhoneSimulator.ActiveCfg = Debug|Any CPU
		{CF345B42-DBCD-426F-8F44-1438371BC1A4}.Debug|iPhoneSimulator.Build.0 = Debug|Any CPU
		{CF345B42-DBCD-426F-8F44-1438371BC1A4}.Debug|iPhoneSimulator.Deploy.0 = Debug|Any CPU
		{CF345B42-DBCD-426F-8F44-1438371BC1A4}.Debug|x64.ActiveCfg = Debug|Any CPU
		{CF345B42-DBCD-426F-8F44-1438371BC1A4}.Debug|x64.Build.0 = Debug|Any CPU
		{CF345B42-DBCD-426F-8F44-1438371BC1A4}.Debug|x64.Deploy.0 = Debug|Any CPU
		{CF345B42-DBCD-426F-8F44-1438371BC1A4}.Debug|x86.ActiveCfg = Debug|Any CPU
		{CF345B42-DBCD-426F-8F44-1438371BC1A4}.Debug|x86.Build.0 = Debug|Any CPU
		{CF345B42-DBCD-426F-8F44-1438371BC1A4}.Debug|x86.Deploy.0 = Debug|Any CPU
		{CF345B42-DBCD-426F-8F44-1438371BC1A4}.Release|Any CPU.ActiveCfg = Release|Any CPU
		{CF345B42-DBCD-426F-8F44-1438371BC1A4}.Release|Any CPU.Build.0 = Release|Any CPU
		{CF345B42-DBCD-426F-8F44-1438371BC1A4}.Release|Any CPU.Deploy.0 = Release|Any CPU
		{CF345B42-DBCD-426F-8F44-1438371BC1A4}.Release|ARM.ActiveCfg = Release|Any CPU
		{CF345B42-DBCD-426F-8F44-1438371BC1A4}.Release|ARM.Build.0 = Release|Any CPU
		{CF345B42-DBCD-426F-8F44-1438371BC1A4}.Release|ARM.Deploy.0 = Release|Any CPU
		{CF345B42-DBCD-426F-8F44-1438371BC1A4}.Release|iPhone.ActiveCfg = Release|Any CPU
		{CF345B42-DBCD-426F-8F44-1438371BC1A4}.Release|iPhone.Build.0 = Release|Any CPU
		{CF345B42-DBCD-426F-8F44-1438371BC1A4}.Release|iPhone.Deploy.0 = Release|Any CPU
		{CF345B42-DBCD-426F-8F44-1438371BC1A4}.Release|iPhoneSimulator.ActiveCfg = Release|Any CPU
		{CF345B42-DBCD-426F-8F44-1438371BC1A4}.Release|iPhoneSimulator.Build.0 = Release|Any CPU
		{CF345B42-DBCD-426F-8F44-1438371BC1A4}.Release|iPhoneSimulator.Deploy.0 = Release|Any CPU
		{CF345B42-DBCD-426F-8F44-1438371BC1A4}.Release|x64.ActiveCfg = Release|Any CPU
		{CF345B42-DBCD-426F-8F44-1438371BC1A4}.Release|x64.Build.0 = Release|Any CPU
		{CF345B42-DBCD-426F-8F44-1438371BC1A4}.Release|x64.Deploy.0 = Release|Any CPU
		{CF345B42-DBCD-426F-8F44-1438371BC1A4}.Release|x86.ActiveCfg = Release|Any CPU
		{CF345B42-DBCD-426F-8F44-1438371BC1A4}.Release|x86.Build.0 = Release|Any CPU
		{CF345B42-DBCD-426F-8F44-1438371BC1A4}.Release|x86.Deploy.0 = Release|Any CPU
		{93092296-C861-4A73-ABAA-B5DF9423F278}.Ad-Hoc|Any CPU.ActiveCfg = Debug|Any CPU
		{93092296-C861-4A73-ABAA-B5DF9423F278}.Ad-Hoc|Any CPU.Build.0 = Debug|Any CPU
		{93092296-C861-4A73-ABAA-B5DF9423F278}.Ad-Hoc|ARM.ActiveCfg = Debug|Any CPU
		{93092296-C861-4A73-ABAA-B5DF9423F278}.Ad-Hoc|ARM.Build.0 = Debug|Any CPU
		{93092296-C861-4A73-ABAA-B5DF9423F278}.Ad-Hoc|iPhone.ActiveCfg = Debug|Any CPU
		{93092296-C861-4A73-ABAA-B5DF9423F278}.Ad-Hoc|iPhone.Build.0 = Debug|Any CPU
		{93092296-C861-4A73-ABAA-B5DF9423F278}.Ad-Hoc|iPhoneSimulator.ActiveCfg = Debug|Any CPU
		{93092296-C861-4A73-ABAA-B5DF9423F278}.Ad-Hoc|iPhoneSimulator.Build.0 = Debug|Any CPU
		{93092296-C861-4A73-ABAA-B5DF9423F278}.Ad-Hoc|x64.ActiveCfg = Debug|Any CPU
		{93092296-C861-4A73-ABAA-B5DF9423F278}.Ad-Hoc|x64.Build.0 = Debug|Any CPU
		{93092296-C861-4A73-ABAA-B5DF9423F278}.Ad-Hoc|x86.ActiveCfg = Debug|Any CPU
		{93092296-C861-4A73-ABAA-B5DF9423F278}.Ad-Hoc|x86.Build.0 = Debug|Any CPU
		{93092296-C861-4A73-ABAA-B5DF9423F278}.AppStore|Any CPU.ActiveCfg = Debug|Any CPU
		{93092296-C861-4A73-ABAA-B5DF9423F278}.AppStore|Any CPU.Build.0 = Debug|Any CPU
		{93092296-C861-4A73-ABAA-B5DF9423F278}.AppStore|ARM.ActiveCfg = Debug|Any CPU
		{93092296-C861-4A73-ABAA-B5DF9423F278}.AppStore|ARM.Build.0 = Debug|Any CPU
		{93092296-C861-4A73-ABAA-B5DF9423F278}.AppStore|iPhone.ActiveCfg = Debug|Any CPU
		{93092296-C861-4A73-ABAA-B5DF9423F278}.AppStore|iPhone.Build.0 = Debug|Any CPU
		{93092296-C861-4A73-ABAA-B5DF9423F278}.AppStore|iPhoneSimulator.ActiveCfg = Debug|Any CPU
		{93092296-C861-4A73-ABAA-B5DF9423F278}.AppStore|iPhoneSimulator.Build.0 = Debug|Any CPU
		{93092296-C861-4A73-ABAA-B5DF9423F278}.AppStore|x64.ActiveCfg = Debug|Any CPU
		{93092296-C861-4A73-ABAA-B5DF9423F278}.AppStore|x64.Build.0 = Debug|Any CPU
		{93092296-C861-4A73-ABAA-B5DF9423F278}.AppStore|x86.ActiveCfg = Debug|Any CPU
		{93092296-C861-4A73-ABAA-B5DF9423F278}.AppStore|x86.Build.0 = Debug|Any CPU
		{93092296-C861-4A73-ABAA-B5DF9423F278}.Debug|Any CPU.ActiveCfg = Debug|Any CPU
		{93092296-C861-4A73-ABAA-B5DF9423F278}.Debug|Any CPU.Build.0 = Debug|Any CPU
		{93092296-C861-4A73-ABAA-B5DF9423F278}.Debug|ARM.ActiveCfg = Debug|Any CPU
		{93092296-C861-4A73-ABAA-B5DF9423F278}.Debug|ARM.Build.0 = Debug|Any CPU
		{93092296-C861-4A73-ABAA-B5DF9423F278}.Debug|iPhone.ActiveCfg = Debug|Any CPU
		{93092296-C861-4A73-ABAA-B5DF9423F278}.Debug|iPhone.Build.0 = Debug|Any CPU
		{93092296-C861-4A73-ABAA-B5DF9423F278}.Debug|iPhoneSimulator.ActiveCfg = Debug|Any CPU
		{93092296-C861-4A73-ABAA-B5DF9423F278}.Debug|iPhoneSimulator.Build.0 = Debug|Any CPU
		{93092296-C861-4A73-ABAA-B5DF9423F278}.Debug|x64.ActiveCfg = Debug|Any CPU
		{93092296-C861-4A73-ABAA-B5DF9423F278}.Debug|x64.Build.0 = Debug|Any CPU
		{93092296-C861-4A73-ABAA-B5DF9423F278}.Debug|x86.ActiveCfg = Debug|Any CPU
		{93092296-C861-4A73-ABAA-B5DF9423F278}.Debug|x86.Build.0 = Debug|Any CPU
		{93092296-C861-4A73-ABAA-B5DF9423F278}.Release|Any CPU.ActiveCfg = Release|Any CPU
		{93092296-C861-4A73-ABAA-B5DF9423F278}.Release|Any CPU.Build.0 = Release|Any CPU
		{93092296-C861-4A73-ABAA-B5DF9423F278}.Release|ARM.ActiveCfg = Release|Any CPU
		{93092296-C861-4A73-ABAA-B5DF9423F278}.Release|ARM.Build.0 = Release|Any CPU
		{93092296-C861-4A73-ABAA-B5DF9423F278}.Release|iPhone.ActiveCfg = Release|Any CPU
		{93092296-C861-4A73-ABAA-B5DF9423F278}.Release|iPhone.Build.0 = Release|Any CPU
		{93092296-C861-4A73-ABAA-B5DF9423F278}.Release|iPhoneSimulator.ActiveCfg = Release|Any CPU
		{93092296-C861-4A73-ABAA-B5DF9423F278}.Release|iPhoneSimulator.Build.0 = Release|Any CPU
		{93092296-C861-4A73-ABAA-B5DF9423F278}.Release|x64.ActiveCfg = Release|Any CPU
		{93092296-C861-4A73-ABAA-B5DF9423F278}.Release|x64.Build.0 = Release|Any CPU
		{93092296-C861-4A73-ABAA-B5DF9423F278}.Release|x86.ActiveCfg = Release|Any CPU
		{93092296-C861-4A73-ABAA-B5DF9423F278}.Release|x86.Build.0 = Release|Any CPU
	EndGlobalSection
	GlobalSection(SolutionProperties) = preSolution
		HideSolutionNode = FALSE
	EndGlobalSection
	GlobalSection(ExtensibilityGlobals) = postSolution
		SolutionGuid = {4CCE62D5-F5A9-4656-88DB-2749275E7B6A}
	EndGlobalSection
EndGlobal
